
Microsoft Visual Studio Solution File, Format Version 12.00
# Visual Studio 15
VisualStudioVersion = 15.0.27703.2042
MinimumVisualStudioVersion = 10.0.40219.1
Project("{FAE04EC0-301F-11D3-BF4B-00C04F79EFBC}") = "MultiDroneServer", "MultiDroneServer\MultiDroneServer.csproj", "{CCDB36C2-73AE-4E91-9355-6A398A565998}"
EndProject
Project("{FAE04EC0-301F-11D3-BF4B-00C04F79EFBC}") = "JNetEngine", "..\JNetEngine\JNetEngine.csproj", "{7DD37DE1-DBF2-4BE7-B636-FB1B45F8AA6E}"
EndProject
Global
	GlobalSection(SolutionConfigurationPlatforms) = preSolution
		Debug|Any CPU = Debug|Any CPU
		Debug|x64 = Debug|x64
		Release|Any CPU = Release|Any CPU
		Release|x64 = Release|x64
	EndGlobalSection
	GlobalSection(ProjectConfigurationPlatforms) = postSolution
		{CCDB36C2-73AE-4E91-9355-6A398A565998}.Debug|Any CPU.ActiveCfg = Debug|Any CPU
		{CCDB36C2-73AE-4E91-9355-6A398A565998}.Debug|Any CPU.Build.0 = Debug|Any CPU
		{CCDB36C2-73AE-4E91-9355-6A398A565998}.Debug|x64.ActiveCfg = Debug|Any CPU
		{CCDB36C2-73AE-4E91-9355-6A398A565998}.Debug|x64.Build.0 = Debug|Any CPU
		{CCDB36C2-73AE-4E91-9355-6A398A565998}.Release|Any CPU.ActiveCfg = Release|Any CPU
		{CCDB36C2-73AE-4E91-9355-6A398A565998}.Release|Any CPU.Build.0 = Release|Any CPU
		{CCDB36C2-73AE-4E91-9355-6A398A565998}.Release|x64.ActiveCfg = Release|Any CPU
		{CCDB36C2-73AE-4E91-9355-6A398A565998}.Release|x64.Build.0 = Release|Any CPU
		{7DD37DE1-DBF2-4BE7-B636-FB1B45F8AA6E}.Debug|Any CPU.ActiveCfg = Debug|Any CPU
		{7DD37DE1-DBF2-4BE7-B636-FB1B45F8AA6E}.Debug|Any CPU.Build.0 = Debug|Any CPU
		{7DD37DE1-DBF2-4BE7-B636-FB1B45F8AA6E}.Debug|x64.ActiveCfg = Debug|x64
		{7DD37DE1-DBF2-4BE7-B636-FB1B45F8AA6E}.Debug|x64.Build.0 = Debug|x64
		{7DD37DE1-DBF2-4BE7-B636-FB1B45F8AA6E}.Release|Any CPU.ActiveCfg = Release|Any CPU
		{7DD37DE1-DBF2-4BE7-B636-FB1B45F8AA6E}.Release|Any CPU.Build.0 = Release|Any CPU
		{7DD37DE1-DBF2-4BE7-B636-FB1B45F8AA6E}.Release|x64.ActiveCfg = Release|x64
		{7DD37DE1-DBF2-4BE7-B636-FB1B45F8AA6E}.Release|x64.Build.0 = Release|x64
	EndGlobalSection
	GlobalSection(SolutionProperties) = preSolution
		HideSolutionNode = FALSE
	EndGlobalSection
	GlobalSection(ExtensibilityGlobals) = postSolution
		SolutionGuid = {B5680057-0AB2-413A-B85E-E2BD47C6021C}
	EndGlobalSection
EndGlobal
